
Microsoft Visual Studio Solution File, Format Version 12.00
# Visual Studio Version 16
VisualStudioVersion = 16.0.29926.136
MinimumVisualStudioVersion = 10.0.40219.1
Project("{FAE04EC0-301F-11D3-BF4B-00C04F79EFBC}") = "ClassesLibrary", "ClassesLibrary\ClassesLibrary.csproj", "{FCCF06FA-C1B8-4B72-91FC-BE5441E2C28D}"
EndProject
Project("{FAE04EC0-301F-11D3-BF4B-00C04F79EFBC}") = "CommonClassesLibrary", "CommonClassesLibrary\CommonClassesLibrary.csproj", "{0994DCE5-3A75-4389-BACE-06C41CBCCE31}"
EndProject
Global
	GlobalSection(SolutionConfigurationPlatforms) = preSolution
		Debug|Any CPU = Debug|Any CPU
		Release|Any CPU = Release|Any CPU
	EndGlobalSection
	GlobalSection(ProjectConfigurationPlatforms) = postSolution
		{FCCF06FA-C1B8-4B72-91FC-BE5441E2C28D}.Debug|Any CPU.ActiveCfg = Debug|Any CPU
		{FCCF06FA-C1B8-4B72-91FC-BE5441E2C28D}.Debug|Any CPU.Build.0 = Debug|Any CPU
		{FCCF06FA-C1B8-4B72-91FC-BE5441E2C28D}.Release|Any CPU.ActiveCfg = Release|Any CPU
		{FCCF06FA-C1B8-4B72-91FC-BE5441E2C28D}.Release|Any CPU.Build.0 = Release|Any CPU
		{0994DCE5-3A75-4389-BACE-06C41CBCCE31}.Debug|Any CPU.ActiveCfg = Debug|Any CPU
		{0994DCE5-3A75-4389-BACE-06C41CBCCE31}.Debug|Any CPU.Build.0 = Debug|Any CPU
		{0994DCE5-3A75-4389-BACE-06C41CBCCE31}.Release|Any CPU.ActiveCfg = Release|Any CPU
		{0994DCE5-3A75-4389-BACE-06C41CBCCE31}.Release|Any CPU.Build.0 = Release|Any CPU
	EndGlobalSection
	GlobalSection(SolutionProperties) = preSolution
		HideSolutionNode = FALSE
	EndGlobalSection
	GlobalSection(ExtensibilityGlobals) = postSolution
		SolutionGuid = {C17A5039-1E8C-4C21-92A4-3F07D86519FC}
	EndGlobalSection
EndGlobal
